// !$*UTF8*$!
{
	archiveVersion = 1;
	classes = {
	};
	objectVersion = 46;
	objects = {

/* Begin PBXBuildFile section */
		E2083CAE1C4C344D0039A786 /* AppDelegate.swift in Sources */ = {isa = PBXBuildFile; fileRef = E2083CAD1C4C344D0039A786 /* AppDelegate.swift */; };
		E2083CB31C4C344D0039A786 /* Main.storyboard in Resources */ = {isa = PBXBuildFile; fileRef = E2083CB11C4C344D0039A786 /* Main.storyboard */; };
		E2083CB81C4C344D0039A786 /* Assets.xcassets in Resources */ = {isa = PBXBuildFile; fileRef = E2083CB71C4C344D0039A786 /* Assets.xcassets */; };
		E2083CBB1C4C344D0039A786 /* LaunchScreen.storyboard in Resources */ = {isa = PBXBuildFile; fileRef = E2083CB91C4C344D0039A786 /* LaunchScreen.storyboard */; };
		E2083CC61C4C344D0039A786 /* YojoTests.swift in Sources */ = {isa = PBXBuildFile; fileRef = E2083CC51C4C344D0039A786 /* YojoTests.swift */; };
		E2083CD11C4C344D0039A786 /* YojoUITests.swift in Sources */ = {isa = PBXBuildFile; fileRef = E2083CD01C4C344D0039A786 /* YojoUITests.swift */; };
		E2083CE21C4C3DCA0039A786 /* ListTableViewCell.swift in Sources */ = {isa = PBXBuildFile; fileRef = E2083CE11C4C3DCA0039A786 /* ListTableViewCell.swift */; };
		E2083CE41C4C3E750039A786 /* ListTableViewCell.xib in Resources */ = {isa = PBXBuildFile; fileRef = E2083CE31C4C3E750039A786 /* ListTableViewCell.xib */; };
		E2083CE61C4C480B0039A786 /* ListTableViewController.swift in Sources */ = {isa = PBXBuildFile; fileRef = E2083CE51C4C480B0039A786 /* ListTableViewController.swift */; };
		E2083CE81C4C5F0C0039A786 /* AddItemProtocol.swift in Sources */ = {isa = PBXBuildFile; fileRef = E2083CE71C4C5F0C0039A786 /* AddItemProtocol.swift */; };
		E2083CEB1C4C9FD30039A786 /* GroceryList.xcdatamodeld in Sources */ = {isa = PBXBuildFile; fileRef = E2083CE91C4C9FD30039A786 /* GroceryList.xcdatamodeld */; };
		E20BB4011C4DCBD300E0EE77 /* Alamofire.framework in Frameworks */ = {isa = PBXBuildFile; fileRef = E20BB3EC1C4DCAAF00E0EE77 /* Alamofire.framework */; };
		E20BB4021C4DCBD300E0EE77 /* Alamofire.framework in Embed Frameworks */ = {isa = PBXBuildFile; fileRef = E20BB3EC1C4DCAAF00E0EE77 /* Alamofire.framework */; settings = {ATTRIBUTES = (CodeSignOnCopy, RemoveHeadersOnCopy, ); }; };
		E22C980E1C5174EB00172DBE /* ListItem.swift in Sources */ = {isa = PBXBuildFile; fileRef = E22C980D1C5174EB00172DBE /* ListItem.swift */; };
		E22C98101C517DD800172DBE /* ServerCommunication.swift in Sources */ = {isa = PBXBuildFile; fileRef = E22C980F1C517DD800172DBE /* ServerCommunication.swift */; };
/* End PBXBuildFile section */

/* Begin PBXContainerItemProxy section */
		E2083CC21C4C344D0039A786 /* PBXContainerItemProxy */ = {
			isa = PBXContainerItemProxy;
			containerPortal = E2083CA21C4C344D0039A786 /* Project object */;
			proxyType = 1;
			remoteGlobalIDString = E2083CA91C4C344D0039A786;
			remoteInfo = Yojo;
		};
		E2083CCD1C4C344D0039A786 /* PBXContainerItemProxy */ = {
			isa = PBXContainerItemProxy;
			containerPortal = E2083CA21C4C344D0039A786 /* Project object */;
			proxyType = 1;
			remoteGlobalIDString = E2083CA91C4C344D0039A786;
			remoteInfo = Yojo;
		};
		E20BB3EB1C4DCAAF00E0EE77 /* PBXContainerItemProxy */ = {
			isa = PBXContainerItemProxy;
			containerPortal = E20BB3E11C4DCAAF00E0EE77 /* Alamofire.xcodeproj */;
			proxyType = 2;
			remoteGlobalIDString = F8111E3319A95C8B0040E7D1;
			remoteInfo = "Alamofire iOS";
		};
		E20BB3ED1C4DCAAF00E0EE77 /* PBXContainerItemProxy */ = {
			isa = PBXContainerItemProxy;
			containerPortal = E20BB3E11C4DCAAF00E0EE77 /* Alamofire.xcodeproj */;
			proxyType = 2;
			remoteGlobalIDString = F8111E3E19A95C8B0040E7D1;
			remoteInfo = "Alamofire iOS Tests";
		};
		E20BB3EF1C4DCAAF00E0EE77 /* PBXContainerItemProxy */ = {
			isa = PBXContainerItemProxy;
			containerPortal = E20BB3E11C4DCAAF00E0EE77 /* Alamofire.xcodeproj */;
			proxyType = 2;
			remoteGlobalIDString = 4DD67C0B1A5C55C900ED2280;
			remoteInfo = "Alamofire OSX";
		};
		E20BB3F11C4DCAAF00E0EE77 /* PBXContainerItemProxy */ = {
			isa = PBXContainerItemProxy;
			containerPortal = E20BB3E11C4DCAAF00E0EE77 /* Alamofire.xcodeproj */;
			proxyType = 2;
			remoteGlobalIDString = F829C6B21A7A94F100A2CD59;
			remoteInfo = "Alamofire OSX Tests";
		};
		E20BB3F31C4DCAAF00E0EE77 /* PBXContainerItemProxy */ = {
			isa = PBXContainerItemProxy;
			containerPortal = E20BB3E11C4DCAAF00E0EE77 /* Alamofire.xcodeproj */;
			proxyType = 2;
			remoteGlobalIDString = 4CF626EF1BA7CB3E0011A099;
			remoteInfo = "Alamofire tvOS";
		};
		E20BB3F51C4DCAAF00E0EE77 /* PBXContainerItemProxy */ = {
			isa = PBXContainerItemProxy;
			containerPortal = E20BB3E11C4DCAAF00E0EE77 /* Alamofire.xcodeproj */;
			proxyType = 2;
			remoteGlobalIDString = 4CF626F81BA7CB3E0011A099;
			remoteInfo = "Alamofire tvOS Tests";
		};
		E20BB3F71C4DCAAF00E0EE77 /* PBXContainerItemProxy */ = {
			isa = PBXContainerItemProxy;
			containerPortal = E20BB3E11C4DCAAF00E0EE77 /* Alamofire.xcodeproj */;
			proxyType = 2;
			remoteGlobalIDString = E4202FE01B667AA100C997FB;
			remoteInfo = "Alamofire watchOS";
		};
		E20BB4031C4DCBD300E0EE77 /* PBXContainerItemProxy */ = {
			isa = PBXContainerItemProxy;
			containerPortal = E20BB3E11C4DCAAF00E0EE77 /* Alamofire.xcodeproj */;
			proxyType = 1;
			remoteGlobalIDString = F8111E3219A95C8B0040E7D1;
			remoteInfo = "Alamofire iOS";
		};
/* End PBXContainerItemProxy section */

/* Begin PBXCopyFilesBuildPhase section */
		E20BB4051C4DCBD300E0EE77 /* Embed Frameworks */ = {
			isa = PBXCopyFilesBuildPhase;
			buildActionMask = 2147483647;
			dstPath = "";
			dstSubfolderSpec = 10;
			files = (
				E20BB4021C4DCBD300E0EE77 /* Alamofire.framework in Embed Frameworks */,
			);
			name = "Embed Frameworks";
			runOnlyForDeploymentPostprocessing = 0;
		};
/* End PBXCopyFilesBuildPhase section */

/* Begin PBXFileReference section */
		E2083CAA1C4C344D0039A786 /* Yojo.app */ = {isa = PBXFileReference; explicitFileType = wrapper.application; includeInIndex = 0; path = Yojo.app; sourceTree = BUILT_PRODUCTS_DIR; };
		E2083CAD1C4C344D0039A786 /* AppDelegate.swift */ = {isa = PBXFileReference; lastKnownFileType = sourcecode.swift; path = AppDelegate.swift; sourceTree = "<group>"; };
		E2083CB21C4C344D0039A786 /* Base */ = {isa = PBXFileReference; lastKnownFileType = file.storyboard; name = Base; path = Base.lproj/Main.storyboard; sourceTree = "<group>"; };
		E2083CB71C4C344D0039A786 /* Assets.xcassets */ = {isa = PBXFileReference; lastKnownFileType = folder.assetcatalog; path = Assets.xcassets; sourceTree = "<group>"; };
		E2083CBA1C4C344D0039A786 /* Base */ = {isa = PBXFileReference; lastKnownFileType = file.storyboard; name = Base; path = Base.lproj/LaunchScreen.storyboard; sourceTree = "<group>"; };
		E2083CBC1C4C344D0039A786 /* Info.plist */ = {isa = PBXFileReference; lastKnownFileType = text.plist.xml; path = Info.plist; sourceTree = "<group>"; };
		E2083CC11C4C344D0039A786 /* YojoTests.xctest */ = {isa = PBXFileReference; explicitFileType = wrapper.cfbundle; includeInIndex = 0; path = YojoTests.xctest; sourceTree = BUILT_PRODUCTS_DIR; };
		E2083CC51C4C344D0039A786 /* YojoTests.swift */ = {isa = PBXFileReference; lastKnownFileType = sourcecode.swift; path = YojoTests.swift; sourceTree = "<group>"; };
		E2083CC71C4C344D0039A786 /* Info.plist */ = {isa = PBXFileReference; lastKnownFileType = text.plist.xml; path = Info.plist; sourceTree = "<group>"; };
		E2083CCC1C4C344D0039A786 /* YojoUITests.xctest */ = {isa = PBXFileReference; explicitFileType = wrapper.cfbundle; includeInIndex = 0; path = YojoUITests.xctest; sourceTree = BUILT_PRODUCTS_DIR; };
		E2083CD01C4C344D0039A786 /* YojoUITests.swift */ = {isa = PBXFileReference; lastKnownFileType = sourcecode.swift; path = YojoUITests.swift; sourceTree = "<group>"; };
		E2083CD21C4C344D0039A786 /* Info.plist */ = {isa = PBXFileReference; lastKnownFileType = text.plist.xml; path = Info.plist; sourceTree = "<group>"; };
		E2083CE11C4C3DCA0039A786 /* ListTableViewCell.swift */ = {isa = PBXFileReference; fileEncoding = 4; lastKnownFileType = sourcecode.swift; path = ListTableViewCell.swift; sourceTree = "<group>"; };
		E2083CE31C4C3E750039A786 /* ListTableViewCell.xib */ = {isa = PBXFileReference; fileEncoding = 4; lastKnownFileType = file.xib; path = ListTableViewCell.xib; sourceTree = "<group>"; };
		E2083CE51C4C480B0039A786 /* ListTableViewController.swift */ = {isa = PBXFileReference; fileEncoding = 4; lastKnownFileType = sourcecode.swift; path = ListTableViewController.swift; sourceTree = "<group>"; };
		E2083CE71C4C5F0C0039A786 /* AddItemProtocol.swift */ = {isa = PBXFileReference; fileEncoding = 4; lastKnownFileType = sourcecode.swift; path = AddItemProtocol.swift; sourceTree = "<group>"; };
		E2083CEA1C4C9FD30039A786 /* GroceryList.xcdatamodel */ = {isa = PBXFileReference; lastKnownFileType = wrapper.xcdatamodel; path = GroceryList.xcdatamodel; sourceTree = "<group>"; };
		E20BB3E11C4DCAAF00E0EE77 /* Alamofire.xcodeproj */ = {isa = PBXFileReference; lastKnownFileType = "wrapper.pb-project"; name = Alamofire.xcodeproj; path = Alamofire/Alamofire.xcodeproj; sourceTree = "<group>"; };
		E22C980D1C5174EB00172DBE /* ListItem.swift */ = {isa = PBXFileReference; fileEncoding = 4; lastKnownFileType = sourcecode.swift; path = ListItem.swift; sourceTree = "<group>"; };
		E22C980F1C517DD800172DBE /* ServerCommunication.swift */ = {isa = PBXFileReference; fileEncoding = 4; lastKnownFileType = sourcecode.swift; path = ServerCommunication.swift; sourceTree = "<group>"; };
/* End PBXFileReference section */

/* Begin PBXFrameworksBuildPhase section */
		E2083CA71C4C344D0039A786 /* Frameworks */ = {
			isa = PBXFrameworksBuildPhase;
			buildActionMask = 2147483647;
			files = (
				E20BB4011C4DCBD300E0EE77 /* Alamofire.framework in Frameworks */,
			);
			runOnlyForDeploymentPostprocessing = 0;
		};
		E2083CBE1C4C344D0039A786 /* Frameworks */ = {
			isa = PBXFrameworksBuildPhase;
			buildActionMask = 2147483647;
			files = (
			);
			runOnlyForDeploymentPostprocessing = 0;
		};
		E2083CC91C4C344D0039A786 /* Frameworks */ = {
			isa = PBXFrameworksBuildPhase;
			buildActionMask = 2147483647;
			files = (
			);
			runOnlyForDeploymentPostprocessing = 0;
		};
/* End PBXFrameworksBuildPhase section */

/* Begin PBXGroup section */
		E2083CA11C4C344D0039A786 = {
			isa = PBXGroup;
			children = (
				E20BB3E01C4DCAA400E0EE77 /* Externals */,
				E2083CAC1C4C344D0039A786 /* Yojo */,
				E2083CC41C4C344D0039A786 /* YojoTests */,
				E2083CCF1C4C344D0039A786 /* YojoUITests */,
				E2083CAB1C4C344D0039A786 /* Products */,
			);
			sourceTree = "<group>";
		};
		E2083CAB1C4C344D0039A786 /* Products */ = {
			isa = PBXGroup;
			children = (
				E2083CAA1C4C344D0039A786 /* Yojo.app */,
				E2083CC11C4C344D0039A786 /* YojoTests.xctest */,
				E2083CCC1C4C344D0039A786 /* YojoUITests.xctest */,
			);
			name = Products;
			sourceTree = "<group>";
		};
		E2083CAC1C4C344D0039A786 /* Yojo */ = {
			isa = PBXGroup;
			children = (
				E22C980C1C5174C800172DBE /* Item */,
				E22C98051C5174B300172DBE /* Networking */,
				E2083CDE1C4C3D800039A786 /* List */,
				E2083CAD1C4C344D0039A786 /* AppDelegate.swift */,
				E2083CE51C4C480B0039A786 /* ListTableViewController.swift */,
				E2083CB11C4C344D0039A786 /* Main.storyboard */,
				E2083CB71C4C344D0039A786 /* Assets.xcassets */,
				E2083CB91C4C344D0039A786 /* LaunchScreen.storyboard */,
				E2083CBC1C4C344D0039A786 /* Info.plist */,
				E2083CE91C4C9FD30039A786 /* GroceryList.xcdatamodeld */,
			);
			path = Yojo;
			sourceTree = "<group>";
		};
		E2083CC41C4C344D0039A786 /* YojoTests */ = {
			isa = PBXGroup;
			children = (
				E2083CC51C4C344D0039A786 /* YojoTests.swift */,
				E2083CC71C4C344D0039A786 /* Info.plist */,
			);
			path = YojoTests;
			sourceTree = "<group>";
		};
		E2083CCF1C4C344D0039A786 /* YojoUITests */ = {
			isa = PBXGroup;
			children = (
				E2083CD01C4C344D0039A786 /* YojoUITests.swift */,
				E2083CD21C4C344D0039A786 /* Info.plist */,
			);
			path = YojoUITests;
			sourceTree = "<group>";
		};
		E2083CDE1C4C3D800039A786 /* List */ = {
			isa = PBXGroup;
			children = (
				E2083CE11C4C3DCA0039A786 /* ListTableViewCell.swift */,
				E2083CE31C4C3E750039A786 /* ListTableViewCell.xib */,
				E2083CE71C4C5F0C0039A786 /* AddItemProtocol.swift */,
			);
			name = List;
			sourceTree = "<group>";
		};
		E20BB3E01C4DCAA400E0EE77 /* Externals */ = {
			isa = PBXGroup;
			children = (
				E20BB3E11C4DCAAF00E0EE77 /* Alamofire.xcodeproj */,
			);
			name = Externals;
			sourceTree = "<group>";
		};
		E20BB3E21C4DCAAF00E0EE77 /* Products */ = {
			isa = PBXGroup;
			children = (
				E20BB3EC1C4DCAAF00E0EE77 /* Alamofire.framework */,
				E20BB3EE1C4DCAAF00E0EE77 /* Alamofire iOS Tests.xctest */,
				E20BB3F01C4DCAAF00E0EE77 /* Alamofire.framework */,
				E20BB3F21C4DCAAF00E0EE77 /* Alamofire OSX Tests.xctest */,
				E20BB3F41C4DCAAF00E0EE77 /* Alamofire.framework */,
				E20BB3F61C4DCAAF00E0EE77 /* Alamofire tvOS Tests.xctest */,
				E20BB3F81C4DCAAF00E0EE77 /* Alamofire.framework */,
			);
			name = Products;
			sourceTree = "<group>";
		};
		E22C98051C5174B300172DBE /* Networking */ = {
			isa = PBXGroup;
			children = (
				E22C980F1C517DD800172DBE /* ServerCommunication.swift */,
			);
			name = Networking;
			sourceTree = "<group>";
		};
		E22C980C1C5174C800172DBE /* Item */ = {
			isa = PBXGroup;
			children = (
				E22C980D1C5174EB00172DBE /* ListItem.swift */,
			);
			name = Item;
			sourceTree = "<group>";
		};
/* End PBXGroup section */

/* Begin PBXNativeTarget section */
		E2083CA91C4C344D0039A786 /* Yojo */ = {
			isa = PBXNativeTarget;
			buildConfigurationList = E2083CD51C4C344D0039A786 /* Build configuration list for PBXNativeTarget "Yojo" */;
			buildPhases = (
				E2083CA61C4C344D0039A786 /* Sources */,
				E2083CA71C4C344D0039A786 /* Frameworks */,
				E2083CA81C4C344D0039A786 /* Resources */,
				E20BB4051C4DCBD300E0EE77 /* Embed Frameworks */,
			);
			buildRules = (
			);
			dependencies = (
				E20BB4041C4DCBD300E0EE77 /* PBXTargetDependency */,
			);
			name = Yojo;
			productName = Yojo;
			productReference = E2083CAA1C4C344D0039A786 /* Yojo.app */;
			productType = "com.apple.product-type.application";
		};
		E2083CC01C4C344D0039A786 /* YojoTests */ = {
			isa = PBXNativeTarget;
			buildConfigurationList = E2083CD81C4C344D0039A786 /* Build configuration list for PBXNativeTarget "YojoTests" */;
			buildPhases = (
				E2083CBD1C4C344D0039A786 /* Sources */,
				E2083CBE1C4C344D0039A786 /* Frameworks */,
				E2083CBF1C4C344D0039A786 /* Resources */,
			);
			buildRules = (
			);
			dependencies = (
				E2083CC31C4C344D0039A786 /* PBXTargetDependency */,
			);
			name = YojoTests;
			productName = YojoTests;
			productReference = E2083CC11C4C344D0039A786 /* YojoTests.xctest */;
			productType = "com.apple.product-type.bundle.unit-test";
		};
		E2083CCB1C4C344D0039A786 /* YojoUITests */ = {
			isa = PBXNativeTarget;
			buildConfigurationList = E2083CDB1C4C344D0039A786 /* Build configuration list for PBXNativeTarget "YojoUITests" */;
			buildPhases = (
				E2083CC81C4C344D0039A786 /* Sources */,
				E2083CC91C4C344D0039A786 /* Frameworks */,
				E2083CCA1C4C344D0039A786 /* Resources */,
			);
			buildRules = (
			);
			dependencies = (
				E2083CCE1C4C344D0039A786 /* PBXTargetDependency */,
			);
			name = YojoUITests;
			productName = YojoUITests;
			productReference = E2083CCC1C4C344D0039A786 /* YojoUITests.xctest */;
			productType = "com.apple.product-type.bundle.ui-testing";
		};
/* End PBXNativeTarget section */

/* Begin PBXProject section */
		E2083CA21C4C344D0039A786 /* Project object */ = {
			isa = PBXProject;
			attributes = {
				LastSwiftUpdateCheck = 0720;
				LastUpgradeCheck = 0720;
				ORGANIZATIONNAME = "OMFG Studios";
				TargetAttributes = {
					E2083CA91C4C344D0039A786 = {
						CreatedOnToolsVersion = 7.2;
					};
					E2083CC01C4C344D0039A786 = {
						CreatedOnToolsVersion = 7.2;
						TestTargetID = E2083CA91C4C344D0039A786;
					};
					E2083CCB1C4C344D0039A786 = {
						CreatedOnToolsVersion = 7.2;
						TestTargetID = E2083CA91C4C344D0039A786;
					};
				};
			};
			buildConfigurationList = E2083CA51C4C344D0039A786 /* Build configuration list for PBXProject "Yojo" */;
			compatibilityVersion = "Xcode 3.2";
			developmentRegion = English;
			hasScannedForEncodings = 0;
			knownRegions = (
				en,
				Base,
			);
			mainGroup = E2083CA11C4C344D0039A786;
			productRefGroup = E2083CAB1C4C344D0039A786 /* Products */;
			projectDirPath = "";
			projectReferences = (
				{
					ProductGroup = E20BB3E21C4DCAAF00E0EE77 /* Products */;
					ProjectRef = E20BB3E11C4DCAAF00E0EE77 /* Alamofire.xcodeproj */;
				},
			);
			projectRoot = "";
			targets = (
				E2083CA91C4C344D0039A786 /* Yojo */,
				E2083CC01C4C344D0039A786 /* YojoTests */,
				E2083CCB1C4C344D0039A786 /* YojoUITests */,
			);
		};
/* End PBXProject section */

/* Begin PBXReferenceProxy section */
		E20BB3EC1C4DCAAF00E0EE77 /* Alamofire.framework */ = {
			isa = PBXReferenceProxy;
			fileType = wrapper.framework;
			path = Alamofire.framework;
			remoteRef = E20BB3EB1C4DCAAF00E0EE77 /* PBXContainerItemProxy */;
			sourceTree = BUILT_PRODUCTS_DIR;
		};
		E20BB3EE1C4DCAAF00E0EE77 /* Alamofire iOS Tests.xctest */ = {
			isa = PBXReferenceProxy;
			fileType = wrapper.cfbundle;
			path = "Alamofire iOS Tests.xctest";
			remoteRef = E20BB3ED1C4DCAAF00E0EE77 /* PBXContainerItemProxy */;
			sourceTree = BUILT_PRODUCTS_DIR;
		};
		E20BB3F01C4DCAAF00E0EE77 /* Alamofire.framework */ = {
			isa = PBXReferenceProxy;
			fileType = wrapper.framework;
			path = Alamofire.framework;
			remoteRef = E20BB3EF1C4DCAAF00E0EE77 /* PBXContainerItemProxy */;
			sourceTree = BUILT_PRODUCTS_DIR;
		};
		E20BB3F21C4DCAAF00E0EE77 /* Alamofire OSX Tests.xctest */ = {
			isa = PBXReferenceProxy;
			fileType = wrapper.cfbundle;
			path = "Alamofire OSX Tests.xctest";
			remoteRef = E20BB3F11C4DCAAF00E0EE77 /* PBXContainerItemProxy */;
			sourceTree = BUILT_PRODUCTS_DIR;
		};
		E20BB3F41C4DCAAF00E0EE77 /* Alamofire.framework */ = {
			isa = PBXReferenceProxy;
			fileType = wrapper.framework;
			path = Alamofire.framework;
			remoteRef = E20BB3F31C4DCAAF00E0EE77 /* PBXContainerItemProxy */;
			sourceTree = BUILT_PRODUCTS_DIR;
		};
		E20BB3F61C4DCAAF00E0EE77 /* Alamofire tvOS Tests.xctest */ = {
			isa = PBXReferenceProxy;
			fileType = wrapper.cfbundle;
			path = "Alamofire tvOS Tests.xctest";
			remoteRef = E20BB3F51C4DCAAF00E0EE77 /* PBXContainerItemProxy */;
			sourceTree = BUILT_PRODUCTS_DIR;
		};
		E20BB3F81C4DCAAF00E0EE77 /* Alamofire.framework */ = {
			isa = PBXReferenceProxy;
			fileType = wrapper.framework;
			path = Alamofire.framework;
			remoteRef = E20BB3F71C4DCAAF00E0EE77 /* PBXContainerItemProxy */;
			sourceTree = BUILT_PRODUCTS_DIR;
		};
/* End PBXReferenceProxy section */

/* Begin PBXResourcesBuildPhase section */
		E2083CA81C4C344D0039A786 /* Resources */ = {
			isa = PBXResourcesBuildPhase;
			buildActionMask = 2147483647;
			files = (
				E2083CBB1C4C344D0039A786 /* LaunchScreen.storyboard in Resources */,
				E2083CE41C4C3E750039A786 /* ListTableViewCell.xib in Resources */,
				E2083CB81C4C344D0039A786 /* Assets.xcassets in Resources */,
				E2083CB31C4C344D0039A786 /* Main.storyboard in Resources */,
			);
			runOnlyForDeploymentPostprocessing = 0;
		};
		E2083CBF1C4C344D0039A786 /* Resources */ = {
			isa = PBXResourcesBuildPhase;
			buildActionMask = 2147483647;
			files = (
			);
			runOnlyForDeploymentPostprocessing = 0;
		};
		E2083CCA1C4C344D0039A786 /* Resources */ = {
			isa = PBXResourcesBuildPhase;
			buildActionMask = 2147483647;
			files = (
			);
			runOnlyForDeploymentPostprocessing = 0;
		};
/* End PBXResourcesBuildPhase section */

/* Begin PBXSourcesBuildPhase section */
		E2083CA61C4C344D0039A786 /* Sources */ = {
			isa = PBXSourcesBuildPhase;
			buildActionMask = 2147483647;
			files = (
				E22C980E1C5174EB00172DBE /* ListItem.swift in Sources */,
				E22C98101C517DD800172DBE /* ServerCommunication.swift in Sources */,
				E2083CAE1C4C344D0039A786 /* AppDelegate.swift in Sources */,
				E2083CE61C4C480B0039A786 /* ListTableViewController.swift in Sources */,
				E2083CEB1C4C9FD30039A786 /* GroceryList.xcdatamodeld in Sources */,
				E2083CE81C4C5F0C0039A786 /* AddItemProtocol.swift in Sources */,
				E2083CE21C4C3DCA0039A786 /* ListTableViewCell.swift in Sources */,
			);
			runOnlyForDeploymentPostprocessing = 0;
		};
		E2083CBD1C4C344D0039A786 /* Sources */ = {
			isa = PBXSourcesBuildPhase;
			buildActionMask = 2147483647;
			files = (
				E2083CC61C4C344D0039A786 /* YojoTests.swift in Sources */,
			);
			runOnlyForDeploymentPostprocessing = 0;
		};
		E2083CC81C4C344D0039A786 /* Sources */ = {
			isa = PBXSourcesBuildPhase;
			buildActionMask = 2147483647;
			files = (
				E2083CD11C4C344D0039A786 /* YojoUITests.swift in Sources */,
			);
			runOnlyForDeploymentPostprocessing = 0;
		};
/* End PBXSourcesBuildPhase section */

/* Begin PBXTargetDependency section */
		E2083CC31C4C344D0039A786 /* PBXTargetDependency */ = {
			isa = PBXTargetDependency;
			target = E2083CA91C4C344D0039A786 /* Yojo */;
			targetProxy = E2083CC21C4C344D0039A786 /* PBXContainerItemProxy */;
		};
		E2083CCE1C4C344D0039A786 /* PBXTargetDependency */ = {
			isa = PBXTargetDependency;
			target = E2083CA91C4C344D0039A786 /* Yojo */;
			targetProxy = E2083CCD1C4C344D0039A786 /* PBXContainerItemProxy */;
		};
		E20BB4041C4DCBD300E0EE77 /* PBXTargetDependency */ = {
			isa = PBXTargetDependency;
			name = "Alamofire iOS";
			targetProxy = E20BB4031C4DCBD300E0EE77 /* PBXContainerItemProxy */;
		};
/* End PBXTargetDependency section */

/* Begin PBXVariantGroup section */
		E2083CB11C4C344D0039A786 /* Main.storyboard */ = {
			isa = PBXVariantGroup;
			children = (
				E2083CB21C4C344D0039A786 /* Base */,
			);
			name = Main.storyboard;
			sourceTree = "<group>";
		};
		E2083CB91C4C344D0039A786 /* LaunchScreen.storyboard */ = {
			isa = PBXVariantGroup;
			children = (
				E2083CBA1C4C344D0039A786 /* Base */,
			);
			name = LaunchScreen.storyboard;
			sourceTree = "<group>";
		};
/* End PBXVariantGroup section */

/* Begin XCBuildConfiguration section */
		E2083CD31C4C344D0039A786 /* Debug */ = {
			isa = XCBuildConfiguration;
			buildSettings = {
				ALWAYS_SEARCH_USER_PATHS = NO;
				CLANG_CXX_LANGUAGE_STANDARD = "gnu++0x";
				CLANG_CXX_LIBRARY = "libc++";
				CLANG_ENABLE_MODULES = YES;
				CLANG_ENABLE_OBJC_ARC = YES;
				CLANG_WARN_BOOL_CONVERSION = YES;
				CLANG_WARN_CONSTANT_CONVERSION = YES;
				CLANG_WARN_DIRECT_OBJC_ISA_USAGE = YES_ERROR;
				CLANG_WARN_EMPTY_BODY = YES;
				CLANG_WARN_ENUM_CONVERSION = YES;
				CLANG_WARN_INT_CONVERSION = YES;
				CLANG_WARN_OBJC_ROOT_CLASS = YES_ERROR;
				CLANG_WARN_UNREACHABLE_CODE = YES;
				CLANG_WARN__DUPLICATE_METHOD_MATCH = YES;
				"CODE_SIGN_IDENTITY[sdk=iphoneos*]" = "iPhone Developer";
				COPY_PHASE_STRIP = NO;
				DEBUG_INFORMATION_FORMAT = dwarf;
				ENABLE_STRICT_OBJC_MSGSEND = YES;
				ENABLE_TESTABILITY = YES;
				GCC_C_LANGUAGE_STANDARD = gnu99;
				GCC_DYNAMIC_NO_PIC = NO;
				GCC_NO_COMMON_BLOCKS = YES;
				GCC_OPTIMIZATION_LEVEL = 0;
				GCC_PREPROCESSOR_DEFINITIONS = (
					"DEBUG=1",
					"$(inherited)",
				);
				GCC_WARN_64_TO_32_BIT_CONVERSION = YES;
				GCC_WARN_ABOUT_RETURN_TYPE = YES_ERROR;
				GCC_WARN_UNDECLARED_SELECTOR = YES;
				GCC_WARN_UNINITIALIZED_AUTOS = YES_AGGRESSIVE;
				GCC_WARN_UNUSED_FUNCTION = YES;
				GCC_WARN_UNUSED_VARIABLE = YES;
				IPHONEOS_DEPLOYMENT_TARGET = 9.2;
				MTL_ENABLE_DEBUG_INFO = YES;
				ONLY_ACTIVE_ARCH = YES;
				SDKROOT = iphoneos;
				SWIFT_OPTIMIZATION_LEVEL = "-Onone";
				TARGETED_DEVICE_FAMILY = "1,2";
			};
			name = Debug;
		};
		E2083CD41C4C344D0039A786 /* Release */ = {
			isa = XCBuildConfiguration;
			buildSettings = {
				ALWAYS_SEARCH_USER_PATHS = NO;
				CLANG_CXX_LANGUAGE_STANDARD = "gnu++0x";
				CLANG_CXX_LIBRARY = "libc++";
				CLANG_ENABLE_MODULES = YES;
				CLANG_ENABLE_OBJC_ARC = YES;
				CLANG_WARN_BOOL_CONVERSION = YES;
				CLANG_WARN_CONSTANT_CONVERSION = YES;
				CLANG_WARN_DIRECT_OBJC_ISA_USAGE = YES_ERROR;
				CLANG_WARN_EMPTY_BODY = YES;
				CLANG_WARN_ENUM_CONVERSION = YES;
				CLANG_WARN_INT_CONVERSION = YES;
				CLANG_WARN_OBJC_ROOT_CLASS = YES_ERROR;
				CLANG_WARN_UNREACHABLE_CODE = YES;
				CLANG_WARN__DUPLICATE_METHOD_MATCH = YES;
				"CODE_SIGN_IDENTITY[sdk=iphoneos*]" = "iPhone Developer";
				COPY_PHASE_STRIP = NO;
				DEBUG_INFORMATION_FORMAT = "dwarf-with-dsym";
				ENABLE_NS_ASSERTIONS = NO;
				ENABLE_STRICT_OBJC_MSGSEND = YES;
				GCC_C_LANGUAGE_STANDARD = gnu99;
				GCC_NO_COMMON_BLOCKS = YES;
				GCC_WARN_64_TO_32_BIT_CONVERSION = YES;
				GCC_WARN_ABOUT_RETURN_TYPE = YES_ERROR;
				GCC_WARN_UNDECLARED_SELECTOR = YES;
				GCC_WARN_UNINITIALIZED_AUTOS = YES_AGGRESSIVE;
				GCC_WARN_UNUSED_FUNCTION = YES;
				GCC_WARN_UNUSED_VARIABLE = YES;
				IPHONEOS_DEPLOYMENT_TARGET = 9.2;
				MTL_ENABLE_DEBUG_INFO = NO;
				SDKROOT = iphoneos;
				TARGETED_DEVICE_FAMILY = "1,2";
				VALIDATE_PRODUCT = YES;
			};
			name = Release;
		};
		E2083CD61C4C344D0039A786 /* Debug */ = {
			isa = XCBuildConfiguration;
			buildSettings = {
				ASSETCATALOG_COMPILER_APPICON_NAME = AppIcon;
				EMBEDDED_CONTENT_CONTAINS_SWIFT = YES;
				INFOPLIST_FILE = Yojo/Info.plist;
				IPHONEOS_DEPLOYMENT_TARGET = 8.0;
				LD_RUNPATH_SEARCH_PATHS = "$(inherited) @executable_path/Frameworks";
				PRODUCT_BUNDLE_IDENTIFIER = com.omfg.yojo.Yojo;
				PRODUCT_NAME = "$(TARGET_NAME)";
			};
			name = Debug;
		};
		E2083CD71C4C344D0039A786 /* Release */ = {
			isa = XCBuildConfiguration;
			buildSettings = {
				ASSETCATALOG_COMPILER_APPICON_NAME = AppIcon;
				EMBEDDED_CONTENT_CONTAINS_SWIFT = YES;
				INFOPLIST_FILE = Yojo/Info.plist;
				IPHONEOS_DEPLOYMENT_TARGET = 8.0;
				LD_RUNPATH_SEARCH_PATHS = "$(inherited) @executable_path/Frameworks";
				PRODUCT_BUNDLE_IDENTIFIER = com.omfg.yojo.Yojo;
				PRODUCT_NAME = "$(TARGET_NAME)";
			};
			name = Release;
		};
		E2083CD91C4C344D0039A786 /* Debug */ = {
			isa = XCBuildConfiguration;
			buildSettings = {
				BUNDLE_LOADER = "$(TEST_HOST)";
				INFOPLIST_FILE = YojoTests/Info.plist;
				LD_RUNPATH_SEARCH_PATHS = "$(inherited) @executable_path/Frameworks @loader_path/Frameworks";
				PRODUCT_BUNDLE_IDENTIFIER = com.omfg.yojo.YojoTests;
				PRODUCT_NAME = "$(TARGET_NAME)";
				TEST_HOST = "$(BUILT_PRODUCTS_DIR)/Yojo.app/Yojo";
			};
			name = Debug;
		};
		E2083CDA1C4C344D0039A786 /* Release */ = {
			isa = XCBuildConfiguration;
			buildSettings = {
				BUNDLE_LOADER = "$(TEST_HOST)";
				INFOPLIST_FILE = YojoTests/Info.plist;
				LD_RUNPATH_SEARCH_PATHS = "$(inherited) @executable_path/Frameworks @loader_path/Frameworks";
				PRODUCT_BUNDLE_IDENTIFIER = com.omfg.yojo.YojoTests;
				PRODUCT_NAME = "$(TARGET_NAME)";
				TEST_HOST = "$(BUILT_PRODUCTS_DIR)/Yojo.app/Yojo";
			};
			name = Release;
		};
		E2083CDC1C4C344D0039A786 /* Debug */ = {
			isa = XCBuildConfiguration;
			buildSettings = {
				INFOPLIST_FILE = YojoUITests/Info.plist;
				LD_RUNPATH_SEARCH_PATHS = "$(inherited) @executable_path/Frameworks @loader_path/Frameworks";
				PRODUCT_BUNDLE_IDENTIFIER = com.omfg.yojo.YojoUITests;
				PRODUCT_NAME = "$(TARGET_NAME)";
				TEST_TARGET_NAME = Yojo;
				USES_XCTRUNNER = YES;
			};
			name = Debug;
		};
		E2083CDD1C4C344D0039A786 /* Release */ = {
			isa = XCBuildConfiguration;
			buildSettings = {
				INFOPLIST_FILE = YojoUITests/Info.plist;
				LD_RUNPATH_SEARCH_PATHS = "$(inherited) @executable_path/Frameworks @loader_path/Frameworks";
				PRODUCT_BUNDLE_IDENTIFIER = com.omfg.yojo.YojoUITests;
				PRODUCT_NAME = "$(TARGET_NAME)";
				TEST_TARGET_NAME = Yojo;
				USES_XCTRUNNER = YES;
			};
			name = Release;
		};
/* End XCBuildConfiguration section */

/* Begin XCConfigurationList section */
		E2083CA51C4C344D0039A786 /* Build configuration list for PBXProject "Yojo" */ = {
			isa = XCConfigurationList;
			buildConfigurations = (
				E2083CD31C4C344D0039A786 /* Debug */,
				E2083CD41C4C344D0039A786 /* Release */,
			);
			defaultConfigurationIsVisible = 0;
			defaultConfigurationName = Release;
		};
		E2083CD51C4C344D0039A786 /* Build configuration list for PBXNativeTarget "Yojo" */ = {
			isa = XCConfigurationList;
			buildConfigurations = (
				E2083CD61C4C344D0039A786 /* Debug */,
				E2083CD71C4C344D0039A786 /* Release */,
			);
			defaultConfigurationIsVisible = 0;
			defaultConfigurationName = Release;
		};
		E2083CD81C4C344D0039A786 /* Build configuration list for PBXNativeTarget "YojoTests" */ = {
			isa = XCConfigurationList;
			buildConfigurations = (
				E2083CD91C4C344D0039A786 /* Debug */,
				E2083CDA1C4C344D0039A786 /* Release */,
			);
			defaultConfigurationIsVisible = 0;
			defaultConfigurationName = Release;
		};
		E2083CDB1C4C344D0039A786 /* Build configuration list for PBXNativeTarget "YojoUITests" */ = {
			isa = XCConfigurationList;
			buildConfigurations = (
				E2083CDC1C4C344D0039A786 /* Debug */,
				E2083CDD1C4C344D0039A786 /* Release */,
			);
			defaultConfigurationIsVisible = 0;
			defaultConfigurationName = Release;
		};
/* End XCConfigurationList section */

/* Begin XCVersionGroup section */
		E2083CE91C4C9FD30039A786 /* GroceryList.xcdatamodeld */ = {
			isa = XCVersionGroup;
			children = (
				E2083CEA1C4C9FD30039A786 /* GroceryList.xcdatamodel */,
			);
			currentVersion = E2083CEA1C4C9FD30039A786 /* GroceryList.xcdatamodel */;
			path = GroceryList.xcdatamodeld;
			sourceTree = "<group>";
			versionGroupType = wrapper.xcdatamodel;
		};
/* End XCVersionGroup section */
	};
	rootObject = E2083CA21C4C344D0039A786 /* Project object */;
}
